{
  "name": "application",
  "version": "1.0.0",
  "lockfileVersion": 2,
  "requires": true,
  "packages": {
    "": {
      "name": "application",
      "version": "1.0.0",
      "license": "MIT",
      "dependencies": {
        "jbox": "^1.3.3"
      }
    },
    "node_modules/jbox": {
      "version": "1.3.3",
      "resolved": "https://registry.npmjs.org/jbox/-/jbox-1.3.3.tgz",
      "integrity": "sha512-aayuZDf4Dc3w/adEdixUetNxJMIbThgt3r9Gfsxh8rWqBBEM3ODKON3YWSwpjgy7BzUHQjIeZ2sdPwV8RSVW6w==",
      "dependencies": {
        "jquery": "^3.6.0"
      }
    },
    "node_modules/jquery": {
      "version": "3.6.3",
      "resolved": "https://registry.npmjs.org/jquery/-/jquery-3.6.3.tgz",
      "integrity": "sha512-bZ5Sy3YzKo9Fyc8wH2iIQK4JImJ6R0GWI9kL1/k7Z91ZBNgkRXE6U0JfHIizZbort8ZunhSI3jw9I6253ahKfg=="
    }
  },
  "dependencies": {
    "jbox": {
      "version": "1.3.3",
      "resolved": "https://registry.npmjs.org/jbox/-/jbox-1.3.3.tgz",
      "integrity": "sha512-aayuZDf4Dc3w/adEdixUetNxJMIbThgt3r9Gfsxh8rWqBBEM3ODKON3YWSwpjgy7BzUHQjIeZ2sdPwV8RSVW6w==",
      "requires": {
        "jquery": "^3.6.0"
      }
    },
    "jquery": {
      "version": "3.6.3",
      "resolved": "https://registry.npmjs.org/jquery/-/jquery-3.6.3.tgz",
      "integrity": "sha512-bZ5Sy3YzKo9Fyc8wH2iIQK4JImJ6R0GWI9kL1/k7Z91ZBNgkRXE6U0JfHIizZbort8ZunhSI3jw9I6253ahKfg=="
    }
  }
}
